
Microsoft Visual Studio Solution File, Format Version 12.00
# Visual Studio Version 17
VisualStudioVersion = 17.6.33829.357
MinimumVisualStudioVersion = 10.0.40219.1
Project("{9A19103F-16F7-4668-BE54-9A1E7A4F7556}") = "ChatService", "ChatService.csproj", "{90B9AFE9-5367-4A0A-9DC6-5751E9700AD0}"
EndProject
Global
	GlobalSection(SolutionConfigurationPlatforms) = preSolution
		Debug|Any CPU = Debug|Any CPU
		Release|Any CPU = Release|Any CPU
	EndGlobalSection
	GlobalSection(ProjectConfigurationPlatforms) = postSolution
		{90B9AFE9-5367-4A0A-9DC6-5751E9700AD0}.Debug|Any CPU.ActiveCfg = Debug|Any CPU
		{90B9AFE9-5367-4A0A-9DC6-5751E9700AD0}.Debug|Any CPU.Build.0 = Debug|Any CPU
		{90B9AFE9-5367-4A0A-9DC6-5751E9700AD0}.Release|Any CPU.ActiveCfg = Release|Any CPU
		{90B9AFE9-5367-4A0A-9DC6-5751E9700AD0}.Release|Any CPU.Build.0 = Release|Any CPU
	EndGlobalSection
	GlobalSection(SolutionProperties) = preSolution
		HideSolutionNode = FALSE
	EndGlobalSection
	GlobalSection(ExtensibilityGlobals) = postSolution
		SolutionGuid = {C3E756AE-4DB6-4AAC-A66B-69160DB046DC}
	EndGlobalSection
EndGlobal
